
Microsoft Visual Studio Solution File, Format Version 12.00
# Visual Studio Version 16
VisualStudioVersion = 16.0.31005.135
MinimumVisualStudioVersion = 10.0.40219.1
Project("{FAE04EC0-301F-11D3-BF4B-00C04F79EFBC}") = "WpfApp", "WpfApp\WpfApp.csproj", "{591F8491-0DB0-48B0-841B-A4B00B0A082F}"
EndProject
Global
	GlobalSection(SolutionConfigurationPlatforms) = preSolution
		Debug|Any CPU = Debug|Any CPU
		Release|Any CPU = Release|Any CPU
	EndGlobalSection
	GlobalSection(ProjectConfigurationPlatforms) = postSolution
		{591F8491-0DB0-48B0-841B-A4B00B0A082F}.Debug|Any CPU.ActiveCfg = Debug|Any CPU
		{591F8491-0DB0-48B0-841B-A4B00B0A082F}.Debug|Any CPU.Build.0 = Debug|Any CPU
		{591F8491-0DB0-48B0-841B-A4B00B0A082F}.Release|Any CPU.ActiveCfg = Release|Any CPU
		{591F8491-0DB0-48B0-841B-A4B00B0A082F}.Release|Any CPU.Build.0 = Release|Any CPU
	EndGlobalSection
	GlobalSection(SolutionProperties) = preSolution
		HideSolutionNode = FALSE
	EndGlobalSection
	GlobalSection(ExtensibilityGlobals) = postSolution
		SolutionGuid = {CCB13E82-88E2-446B-95C9-06A04668BD5B}
	EndGlobalSection
EndGlobal
